// !$*UTF8*$!
{
	archiveVersion = 1;
	classes = {
	};
	objectVersion = 48;
	objects = {

/* Begin PBXBuildFile section */
		923F48FA1F8AAC9C0077C983 /* SoundCloudPlayer.swift in Sources */ = {isa = PBXBuildFile; fileRef = 923F48F91F8AAC9C0077C983 /* SoundCloudPlayer.swift */; };
		923F48FC1F8AAD820077C983 /* Shia+URL.swift in Sources */ = {isa = PBXBuildFile; fileRef = 923F48FB1F8AAD820077C983 /* Shia+URL.swift */; };
		9246A5441F8A068200FC81C4 /* AppDelegate.swift in Sources */ = {isa = PBXBuildFile; fileRef = 9246A5431F8A068200FC81C4 /* AppDelegate.swift */; };
		9246A5461F8A068200FC81C4 /* ViewController.swift in Sources */ = {isa = PBXBuildFile; fileRef = 9246A5451F8A068200FC81C4 /* ViewController.swift */; };
		9246A5491F8A068200FC81C4 /* Main.storyboard in Resources */ = {isa = PBXBuildFile; fileRef = 9246A5471F8A068200FC81C4 /* Main.storyboard */; };
		9246A54B1F8A068200FC81C4 /* Assets.xcassets in Resources */ = {isa = PBXBuildFile; fileRef = 9246A54A1F8A068200FC81C4 /* Assets.xcassets */; };
		9246A54E1F8A068200FC81C4 /* LaunchScreen.storyboard in Resources */ = {isa = PBXBuildFile; fileRef = 9246A54C1F8A068200FC81C4 /* LaunchScreen.storyboard */; };
		92EB57501F8AA761009A41F2 /* ShiaPlayer.h in Headers */ = {isa = PBXBuildFile; fileRef = 92EB574E1F8AA761009A41F2 /* ShiaPlayer.h */; settings = {ATTRIBUTES = (Public, ); }; };
		92EB57531F8AA761009A41F2 /* ShiaPlayer.framework in Frameworks */ = {isa = PBXBuildFile; fileRef = 92EB574C1F8AA761009A41F2 /* ShiaPlayer.framework */; };
		92EB57541F8AA761009A41F2 /* ShiaPlayer.framework in Embed Frameworks */ = {isa = PBXBuildFile; fileRef = 92EB574C1F8AA761009A41F2 /* ShiaPlayer.framework */; settings = {ATTRIBUTES = (CodeSignOnCopy, RemoveHeadersOnCopy, ); }; };
		92EB57591F8AA76B009A41F2 /* YouTubePlayer.swift in Sources */ = {isa = PBXBuildFile; fileRef = 92EB57271F8A086F009A41F2 /* YouTubePlayer.swift */; };
		92EB575A1F8AA818009A41F2 /* YouTubePlayer.html in Resources */ = {isa = PBXBuildFile; fileRef = 92EB57251F8A07B0009A41F2 /* YouTubePlayer.html */; };
/* End PBXBuildFile section */

/* Begin PBXContainerItemProxy section */
		92EB57511F8AA761009A41F2 /* PBXContainerItemProxy */ = {
			isa = PBXContainerItemProxy;
			containerPortal = 9246A5381F8A068200FC81C4 /* Project object */;
			proxyType = 1;
			remoteGlobalIDString = 92EB574B1F8AA761009A41F2;
			remoteInfo = ShiaPlayer;
		};
/* End PBXContainerItemProxy section */

/* Begin PBXCopyFilesBuildPhase section */
		92EB57581F8AA761009A41F2 /* Embed Frameworks */ = {
			isa = PBXCopyFilesBuildPhase;
			buildActionMask = 2147483647;
			dstPath = "";
			dstSubfolderSpec = 10;
			files = (
				92EB57541F8AA761009A41F2 /* ShiaPlayer.framework in Embed Frameworks */,
			);
			name = "Embed Frameworks";
			runOnlyForDeploymentPostprocessing = 0;
		};
/* End PBXCopyFilesBuildPhase section */

/* Begin PBXFileReference section */
		923F48F81F8AAC780077C983 /* SoundCloudPlayer.html */ = {isa = PBXFileReference; lastKnownFileType = text.html; path = SoundCloudPlayer.html; sourceTree = "<group>"; };
		923F48F91F8AAC9C0077C983 /* SoundCloudPlayer.swift */ = {isa = PBXFileReference; lastKnownFileType = sourcecode.swift; path = SoundCloudPlayer.swift; sourceTree = "<group>"; };
		923F48FB1F8AAD820077C983 /* Shia+URL.swift */ = {isa = PBXFileReference; lastKnownFileType = sourcecode.swift; path = "Shia+URL.swift"; sourceTree = "<group>"; };
		9246A5401F8A068200FC81C4 /* Shia.app */ = {isa = PBXFileReference; explicitFileType = wrapper.application; includeInIndex = 0; path = Shia.app; sourceTree = BUILT_PRODUCTS_DIR; };
		9246A5431F8A068200FC81C4 /* AppDelegate.swift */ = {isa = PBXFileReference; lastKnownFileType = sourcecode.swift; path = AppDelegate.swift; sourceTree = "<group>"; };
		9246A5451F8A068200FC81C4 /* ViewController.swift */ = {isa = PBXFileReference; lastKnownFileType = sourcecode.swift; path = ViewController.swift; sourceTree = "<group>"; };
		9246A5481F8A068200FC81C4 /* Base */ = {isa = PBXFileReference; lastKnownFileType = file.storyboard; name = Base; path = Base.lproj/Main.storyboard; sourceTree = "<group>"; };
		9246A54A1F8A068200FC81C4 /* Assets.xcassets */ = {isa = PBXFileReference; lastKnownFileType = folder.assetcatalog; path = Assets.xcassets; sourceTree = "<group>"; };
		9246A54D1F8A068200FC81C4 /* Base */ = {isa = PBXFileReference; lastKnownFileType = file.storyboard; name = Base; path = Base.lproj/LaunchScreen.storyboard; sourceTree = "<group>"; };
		9246A54F1F8A068200FC81C4 /* Info.plist */ = {isa = PBXFileReference; lastKnownFileType = text.plist.xml; path = Info.plist; sourceTree = "<group>"; };
		92EB57251F8A07B0009A41F2 /* YouTubePlayer.html */ = {isa = PBXFileReference; lastKnownFileType = text.html; path = YouTubePlayer.html; sourceTree = "<group>"; };
		92EB57271F8A086F009A41F2 /* YouTubePlayer.swift */ = {isa = PBXFileReference; lastKnownFileType = sourcecode.swift; path = YouTubePlayer.swift; sourceTree = "<group>"; };
		92EB574C1F8AA761009A41F2 /* ShiaPlayer.framework */ = {isa = PBXFileReference; explicitFileType = wrapper.framework; includeInIndex = 0; path = ShiaPlayer.framework; sourceTree = BUILT_PRODUCTS_DIR; };
		92EB574E1F8AA761009A41F2 /* ShiaPlayer.h */ = {isa = PBXFileReference; lastKnownFileType = sourcecode.c.h; path = ShiaPlayer.h; sourceTree = "<group>"; };
		92EB574F1F8AA761009A41F2 /* Info.plist */ = {isa = PBXFileReference; lastKnownFileType = text.plist.xml; path = Info.plist; sourceTree = "<group>"; };
/* End PBXFileReference section */

/* Begin PBXFrameworksBuildPhase section */
		9246A53D1F8A068200FC81C4 /* Frameworks */ = {
			isa = PBXFrameworksBuildPhase;
			buildActionMask = 2147483647;
			files = (
				92EB57531F8AA761009A41F2 /* ShiaPlayer.framework in Frameworks */,
			);
			runOnlyForDeploymentPostprocessing = 0;
		};
		92EB57481F8AA761009A41F2 /* Frameworks */ = {
			isa = PBXFrameworksBuildPhase;
			buildActionMask = 2147483647;
			files = (
			);
			runOnlyForDeploymentPostprocessing = 0;
		};
/* End PBXFrameworksBuildPhase section */

/* Begin PBXGroup section */
		9246A5371F8A068200FC81C4 = {
			isa = PBXGroup;
			children = (
				9246A5421F8A068200FC81C4 /* Shia */,
				92EB574D1F8AA761009A41F2 /* ShiaPlayer */,
				9246A5411F8A068200FC81C4 /* Products */,
			);
			sourceTree = "<group>";
		};
		9246A5411F8A068200FC81C4 /* Products */ = {
			isa = PBXGroup;
			children = (
				9246A5401F8A068200FC81C4 /* Shia.app */,
				92EB574C1F8AA761009A41F2 /* ShiaPlayer.framework */,
			);
			name = Products;
			sourceTree = "<group>";
		};
		9246A5421F8A068200FC81C4 /* Shia */ = {
			isa = PBXGroup;
			children = (
				9246A5431F8A068200FC81C4 /* AppDelegate.swift */,
				9246A5451F8A068200FC81C4 /* ViewController.swift */,
				9246A5471F8A068200FC81C4 /* Main.storyboard */,
				9246A54A1F8A068200FC81C4 /* Assets.xcassets */,
				9246A54C1F8A068200FC81C4 /* LaunchScreen.storyboard */,
				9246A54F1F8A068200FC81C4 /* Info.plist */,
			);
			path = Shia;
			sourceTree = "<group>";
		};
		92EB574D1F8AA761009A41F2 /* ShiaPlayer */ = {
			isa = PBXGroup;
			children = (
				92EB574E1F8AA761009A41F2 /* ShiaPlayer.h */,
				92EB57271F8A086F009A41F2 /* YouTubePlayer.swift */,
				923F48FB1F8AAD820077C983 /* Shia+URL.swift */,
				92EB57251F8A07B0009A41F2 /* YouTubePlayer.html */,
				923F48F91F8AAC9C0077C983 /* SoundCloudPlayer.swift */,
				923F48F81F8AAC780077C983 /* SoundCloudPlayer.html */,
				92EB574F1F8AA761009A41F2 /* Info.plist */,
			);
			path = ShiaPlayer;
			sourceTree = "<group>";
		};
/* End PBXGroup section */

/* Begin PBXHeadersBuildPhase section */
		92EB57491F8AA761009A41F2 /* Headers */ = {
			isa = PBXHeadersBuildPhase;
			buildActionMask = 2147483647;
			files = (
				92EB57501F8AA761009A41F2 /* ShiaPlayer.h in Headers */,
			);
			runOnlyForDeploymentPostprocessing = 0;
		};
/* End PBXHeadersBuildPhase section */

/* Begin PBXNativeTarget section */
		9246A53F1F8A068200FC81C4 /* Shia */ = {
			isa = PBXNativeTarget;
			buildConfigurationList = 9246A5521F8A068200FC81C4 /* Build configuration list for PBXNativeTarget "Shia" */;
			buildPhases = (
				9246A53C1F8A068200FC81C4 /* Sources */,
				9246A53D1F8A068200FC81C4 /* Frameworks */,
				9246A53E1F8A068200FC81C4 /* Resources */,
				92EB57581F8AA761009A41F2 /* Embed Frameworks */,
			);
			buildRules = (
			);
			dependencies = (
				92EB57521F8AA761009A41F2 /* PBXTargetDependency */,
			);
			name = Shia;
			productName = Shia;
			productReference = 9246A5401F8A068200FC81C4 /* Shia.app */;
			productType = "com.apple.product-type.application";
		};
		92EB574B1F8AA761009A41F2 /* ShiaPlayer */ = {
			isa = PBXNativeTarget;
			buildConfigurationList = 92EB57571F8AA761009A41F2 /* Build configuration list for PBXNativeTarget "ShiaPlayer" */;
			buildPhases = (
				92EB57471F8AA761009A41F2 /* Sources */,
				92EB57481F8AA761009A41F2 /* Frameworks */,
				92EB57491F8AA761009A41F2 /* Headers */,
				92EB574A1F8AA761009A41F2 /* Resources */,
			);
			buildRules = (
			);
			dependencies = (
			);
			name = ShiaPlayer;
			productName = ShiaPlayer;
			productReference = 92EB574C1F8AA761009A41F2 /* ShiaPlayer.framework */;
			productType = "com.apple.product-type.framework";
		};
/* End PBXNativeTarget section */

/* Begin PBXProject section */
		9246A5381F8A068200FC81C4 /* Project object */ = {
			isa = PBXProject;
			attributes = {
				LastSwiftUpdateCheck = 0900;
				LastUpgradeCheck = 0900;
				ORGANIZATIONNAME = "Anthony Williams";
				TargetAttributes = {
					9246A53F1F8A068200FC81C4 = {
						CreatedOnToolsVersion = 9.0;
						ProvisioningStyle = Automatic;
					};
					92EB574B1F8AA761009A41F2 = {
						CreatedOnToolsVersion = 9.0;
						ProvisioningStyle = Automatic;
					};
				};
			};
			buildConfigurationList = 9246A53B1F8A068200FC81C4 /* Build configuration list for PBXProject "Shia" */;
			compatibilityVersion = "Xcode 8.0";
			developmentRegion = en;
			hasScannedForEncodings = 0;
			knownRegions = (
				en,
				Base,
			);
			mainGroup = 9246A5371F8A068200FC81C4;
			productRefGroup = 9246A5411F8A068200FC81C4 /* Products */;
			projectDirPath = "";
			projectRoot = "";
			targets = (
				9246A53F1F8A068200FC81C4 /* Shia */,
				92EB574B1F8AA761009A41F2 /* ShiaPlayer */,
			);
		};
/* End PBXProject section */

/* Begin PBXResourcesBuildPhase section */
		9246A53E1F8A068200FC81C4 /* Resources */ = {
			isa = PBXResourcesBuildPhase;
			buildActionMask = 2147483647;
			files = (
				9246A54E1F8A068200FC81C4 /* LaunchScreen.storyboard in Resources */,
				9246A54B1F8A068200FC81C4 /* Assets.xcassets in Resources */,
				9246A5491F8A068200FC81C4 /* Main.storyboard in Resources */,
			);
			runOnlyForDeploymentPostprocessing = 0;
		};
		92EB574A1F8AA761009A41F2 /* Resources */ = {
			isa = PBXResourcesBuildPhase;
			buildActionMask = 2147483647;
			files = (
				92EB575A1F8AA818009A41F2 /* YouTubePlayer.html in Resources */,
			);
			runOnlyForDeploymentPostprocessing = 0;
		};
/* End PBXResourcesBuildPhase section */

/* Begin PBXSourcesBuildPhase section */
		9246A53C1F8A068200FC81C4 /* Sources */ = {
			isa = PBXSourcesBuildPhase;
			buildActionMask = 2147483647;
			files = (
				9246A5461F8A068200FC81C4 /* ViewController.swift in Sources */,
				9246A5441F8A068200FC81C4 /* AppDelegate.swift in Sources */,
			);
			runOnlyForDeploymentPostprocessing = 0;
		};
		92EB57471F8AA761009A41F2 /* Sources */ = {
			isa = PBXSourcesBuildPhase;
			buildActionMask = 2147483647;
			files = (
				923F48FA1F8AAC9C0077C983 /* SoundCloudPlayer.swift in Sources */,
				92EB57591F8AA76B009A41F2 /* YouTubePlayer.swift in Sources */,
				923F48FC1F8AAD820077C983 /* Shia+URL.swift in Sources */,
			);
			runOnlyForDeploymentPostprocessing = 0;
		};
/* End PBXSourcesBuildPhase section */

/* Begin PBXTargetDependency section */
		92EB57521F8AA761009A41F2 /* PBXTargetDependency */ = {
			isa = PBXTargetDependency;
			target = 92EB574B1F8AA761009A41F2 /* ShiaPlayer */;
			targetProxy = 92EB57511F8AA761009A41F2 /* PBXContainerItemProxy */;
		};
/* End PBXTargetDependency section */

/* Begin PBXVariantGroup section */
		9246A5471F8A068200FC81C4 /* Main.storyboard */ = {
			isa = PBXVariantGroup;
			children = (
				9246A5481F8A068200FC81C4 /* Base */,
			);
			name = Main.storyboard;
			sourceTree = "<group>";
		};
		9246A54C1F8A068200FC81C4 /* LaunchScreen.storyboard */ = {
			isa = PBXVariantGroup;
			children = (
				9246A54D1F8A068200FC81C4 /* Base */,
			);
			name = LaunchScreen.storyboard;
			sourceTree = "<group>";
		};
/* End PBXVariantGroup section */

/* Begin XCBuildConfiguration section */
		9246A5501F8A068200FC81C4 /* Debug */ = {
			isa = XCBuildConfiguration;
			buildSettings = {
				ALWAYS_SEARCH_USER_PATHS = NO;
				CLANG_ANALYZER_NONNULL = YES;
				CLANG_ANALYZER_NUMBER_OBJECT_CONVERSION = YES_AGGRESSIVE;
				CLANG_CXX_LANGUAGE_STANDARD = "gnu++14";
				CLANG_CXX_LIBRARY = "libc++";
				CLANG_ENABLE_MODULES = YES;
				CLANG_ENABLE_OBJC_ARC = YES;
				CLANG_WARN_BLOCK_CAPTURE_AUTORELEASING = YES;
				CLANG_WARN_BOOL_CONVERSION = YES;
				CLANG_WARN_COMMA = YES;
				CLANG_WARN_CONSTANT_CONVERSION = YES;
				CLANG_WARN_DIRECT_OBJC_ISA_USAGE = YES_ERROR;
				CLANG_WARN_DOCUMENTATION_COMMENTS = YES;
				CLANG_WARN_EMPTY_BODY = YES;
				CLANG_WARN_ENUM_CONVERSION = YES;
				CLANG_WARN_INFINITE_RECURSION = YES;
				CLANG_WARN_INT_CONVERSION = YES;
				CLANG_WARN_NON_LITERAL_NULL_CONVERSION = YES;
				CLANG_WARN_OBJC_LITERAL_CONVERSION = YES;
				CLANG_WARN_OBJC_ROOT_CLASS = YES_ERROR;
				CLANG_WARN_RANGE_LOOP_ANALYSIS = YES;
				CLANG_WARN_STRICT_PROTOTYPES = YES;
				CLANG_WARN_SUSPICIOUS_MOVE = YES;
				CLANG_WARN_UNGUARDED_AVAILABILITY = YES_AGGRESSIVE;
				CLANG_WARN_UNREACHABLE_CODE = YES;
				CLANG_WARN__DUPLICATE_METHOD_MATCH = YES;
				CODE_SIGN_IDENTITY = "iPhone Developer";
				COPY_PHASE_STRIP = NO;
				DEBUG_INFORMATION_FORMAT = dwarf;
				ENABLE_STRICT_OBJC_MSGSEND = YES;
				ENABLE_TESTABILITY = YES;
				GCC_C_LANGUAGE_STANDARD = gnu11;
				GCC_DYNAMIC_NO_PIC = NO;
				GCC_NO_COMMON_BLOCKS = YES;
				GCC_OPTIMIZATION_LEVEL = 0;
				GCC_PREPROCESSOR_DEFINITIONS = (
					"DEBUG=1",
					"$(inherited)",
				);
				GCC_WARN_64_TO_32_BIT_CONVERSION = YES;
				GCC_WARN_ABOUT_RETURN_TYPE = YES_ERROR;
				GCC_WARN_UNDECLARED_SELECTOR = YES;
				GCC_WARN_UNINITIALIZED_AUTOS = YES_AGGRESSIVE;
				GCC_WARN_UNUSED_FUNCTION = YES;
				GCC_WARN_UNUSED_VARIABLE = YES;
				IPHONEOS_DEPLOYMENT_TARGET = 11.0;
				MTL_ENABLE_DEBUG_INFO = YES;
				ONLY_ACTIVE_ARCH = YES;
				SDKROOT = iphoneos;
				SWIFT_ACTIVE_COMPILATION_CONDITIONS = DEBUG;
				SWIFT_OPTIMIZATION_LEVEL = "-Onone";
			};
			name = Debug;
		};
		9246A5511F8A068200FC81C4 /* Release */ = {
			isa = XCBuildConfiguration;
			buildSettings = {
				ALWAYS_SEARCH_USER_PATHS = NO;
				CLANG_ANALYZER_NONNULL = YES;
				CLANG_ANALYZER_NUMBER_OBJECT_CONVERSION = YES_AGGRESSIVE;
				CLANG_CXX_LANGUAGE_STANDARD = "gnu++14";
				CLANG_CXX_LIBRARY = "libc++";
				CLANG_ENABLE_MODULES = YES;
				CLANG_ENABLE_OBJC_ARC = YES;
				CLANG_WARN_BLOCK_CAPTURE_AUTORELEASING = YES;
				CLANG_WARN_BOOL_CONVERSION = YES;
				CLANG_WARN_COMMA = YES;
				CLANG_WARN_CONSTANT_CONVERSION = YES;
				CLANG_WARN_DIRECT_OBJC_ISA_USAGE = YES_ERROR;
				CLANG_WARN_DOCUMENTATION_COMMENTS = YES;
				CLANG_WARN_EMPTY_BODY = YES;
				CLANG_WARN_ENUM_CONVERSION = YES;
				CLANG_WARN_INFINITE_RECURSION = YES;
				CLANG_WARN_INT_CONVERSION = YES;
				CLANG_WARN_NON_LITERAL_NULL_CONVERSION = YES;
				CLANG_WARN_OBJC_LITERAL_CONVERSION = YES;
				CLANG_WARN_OBJC_ROOT_CLASS = YES_ERROR;
				CLANG_WARN_RANGE_LOOP_ANALYSIS = YES;
				CLANG_WARN_STRICT_PROTOTYPES = YES;
				CLANG_WARN_SUSPICIOUS_MOVE = YES;
				CLANG_WARN_UNGUARDED_AVAILABILITY = YES_AGGRESSIVE;
				CLANG_WARN_UNREACHABLE_CODE = YES;
				CLANG_WARN__DUPLICATE_METHOD_MATCH = YES;
				CODE_SIGN_IDENTITY = "iPhone Developer";
				COPY_PHASE_STRIP = NO;
				DEBUG_INFORMATION_FORMAT = "dwarf-with-dsym";
				ENABLE_NS_ASSERTIONS = NO;
				ENABLE_STRICT_OBJC_MSGSEND = YES;
				GCC_C_LANGUAGE_STANDARD = gnu11;
				GCC_NO_COMMON_BLOCKS = YES;
				GCC_WARN_64_TO_32_BIT_CONVERSION = YES;
				GCC_WARN_ABOUT_RETURN_TYPE = YES_ERROR;
				GCC_WARN_UNDECLARED_SELECTOR = YES;
				GCC_WARN_UNINITIALIZED_AUTOS = YES_AGGRESSIVE;
				GCC_WARN_UNUSED_FUNCTION = YES;
				GCC_WARN_UNUSED_VARIABLE = YES;
				IPHONEOS_DEPLOYMENT_TARGET = 11.0;
				MTL_ENABLE_DEBUG_INFO = NO;
				SDKROOT = iphoneos;
				SWIFT_OPTIMIZATION_LEVEL = "-Owholemodule";
				VALIDATE_PRODUCT = YES;
			};
			name = Release;
		};
		9246A5531F8A068200FC81C4 /* Debug */ = {
			isa = XCBuildConfiguration;
			buildSettings = {
				ALWAYS_EMBED_SWIFT_STANDARD_LIBRARIES = YES;
				ASSETCATALOG_COMPILER_APPICON_NAME = AppIcon;
				CODE_SIGN_STYLE = Automatic;
				DEVELOPMENT_TEAM = PC92889S4P;
				INFOPLIST_FILE = Shia/Info.plist;
				LD_RUNPATH_SEARCH_PATHS = "$(inherited) @executable_path/Frameworks";
				PRODUCT_BUNDLE_IDENTIFIER = AW.Shia;
				PRODUCT_NAME = "$(TARGET_NAME)";
				SWIFT_VERSION = 4.0;
				TARGETED_DEVICE_FAMILY = "1,2";
			};
			name = Debug;
		};
		9246A5541F8A068200FC81C4 /* Release */ = {
			isa = XCBuildConfiguration;
			buildSettings = {
				ALWAYS_EMBED_SWIFT_STANDARD_LIBRARIES = YES;
				ASSETCATALOG_COMPILER_APPICON_NAME = AppIcon;
				CODE_SIGN_STYLE = Automatic;
				DEVELOPMENT_TEAM = PC92889S4P;
				INFOPLIST_FILE = Shia/Info.plist;
				LD_RUNPATH_SEARCH_PATHS = "$(inherited) @executable_path/Frameworks";
				PRODUCT_BUNDLE_IDENTIFIER = AW.Shia;
				PRODUCT_NAME = "$(TARGET_NAME)";
				SWIFT_VERSION = 4.0;
				TARGETED_DEVICE_FAMILY = "1,2";
			};
			name = Release;
		};
		92EB57551F8AA761009A41F2 /* Debug */ = {
			isa = XCBuildConfiguration;
			buildSettings = {
				CODE_SIGN_IDENTITY = "";
				CODE_SIGN_STYLE = Automatic;
				CURRENT_PROJECT_VERSION = 1;
				DEFINES_MODULE = YES;
				DEVELOPMENT_TEAM = PC92889S4P;
				DYLIB_COMPATIBILITY_VERSION = 1;
				DYLIB_CURRENT_VERSION = 1;
				DYLIB_INSTALL_NAME_BASE = "@rpath";
				INFOPLIST_FILE = ShiaPlayer/Info.plist;
				INSTALL_PATH = "$(LOCAL_LIBRARY_DIR)/Frameworks";
				LD_RUNPATH_SEARCH_PATHS = "$(inherited) @executable_path/Frameworks @loader_path/Frameworks";
				PRODUCT_BUNDLE_IDENTIFIER = AW.ShiaPlayer;
				PRODUCT_NAME = "$(TARGET_NAME:c99extidentifier)";
				SKIP_INSTALL = YES;
				SWIFT_VERSION = 4.0;
				TARGETED_DEVICE_FAMILY = "1,2";
				VERSIONING_SYSTEM = "apple-generic";
				VERSION_INFO_PREFIX = "";
			};
			name = Debug;
		};
		92EB57561F8AA761009A41F2 /* Release */ = {
			isa = XCBuildConfiguration;
			buildSettings = {
				CODE_SIGN_IDENTITY = "";
				CODE_SIGN_STYLE = Automatic;
				CURRENT_PROJECT_VERSION = 1;
				DEFINES_MODULE = YES;
				DEVELOPMENT_TEAM = PC92889S4P;
				DYLIB_COMPATIBILITY_VERSION = 1;
				DYLIB_CURRENT_VERSION = 1;
				DYLIB_INSTALL_NAME_BASE = "@rpath";
				INFOPLIST_FILE = ShiaPlayer/Info.plist;
				INSTALL_PATH = "$(LOCAL_LIBRARY_DIR)/Frameworks";
				LD_RUNPATH_SEARCH_PATHS = "$(inherited) @executable_path/Frameworks @loader_path/Frameworks";
				PRODUCT_BUNDLE_IDENTIFIER = AW.ShiaPlayer;
				PRODUCT_NAME = "$(TARGET_NAME:c99extidentifier)";
				SKIP_INSTALL = YES;
				SWIFT_VERSION = 4.0;
				TARGETED_DEVICE_FAMILY = "1,2";
				VERSIONING_SYSTEM = "apple-generic";
				VERSION_INFO_PREFIX = "";
			};
			name = Release;
		};
/* End XCBuildConfiguration section */

/* Begin XCConfigurationList section */
		9246A53B1F8A068200FC81C4 /* Build configuration list for PBXProject "Shia" */ = {
			isa = XCConfigurationList;
			buildConfigurations = (
				9246A5501F8A068200FC81C4 /* Debug */,
				9246A5511F8A068200FC81C4 /* Release */,
			);
			defaultConfigurationIsVisible = 0;
			defaultConfigurationName = Release;
		};
		9246A5521F8A068200FC81C4 /* Build configuration list for PBXNativeTarget "Shia" */ = {
			isa = XCConfigurationList;
			buildConfigurations = (
				9246A5531F8A068200FC81C4 /* Debug */,
				9246A5541F8A068200FC81C4 /* Release */,
			);
			defaultConfigurationIsVisible = 0;
			defaultConfigurationName = Release;
		};
		92EB57571F8AA761009A41F2 /* Build configuration list for PBXNativeTarget "ShiaPlayer" */ = {
			isa = XCConfigurationList;
			buildConfigurations = (
				92EB57551F8AA761009A41F2 /* Debug */,
				92EB57561F8AA761009A41F2 /* Release */,
			);
			defaultConfigurationIsVisible = 0;
			defaultConfigurationName = Release;
		};
/* End XCConfigurationList section */
	};
	rootObject = 9246A5381F8A068200FC81C4 /* Project object */;
}
